
Microsoft Visual Studio Solution File, Format Version 12.00
# Visual Studio Version 16
VisualStudioVersion = 16.0.31729.503
MinimumVisualStudioVersion = 10.0.40219.1
Project("{FAE04EC0-301F-11D3-BF4B-00C04F79EFBC}") = "Ecepciones_Personalizadas", "Ecepciones_Personalizadas\Ecepciones_Personalizadas.csproj", "{9B62B261-43B4-446A-B77A-2F58663B5F6A}"
EndProject
Global
	GlobalSection(SolutionConfigurationPlatforms) = preSolution
		Debug|Any CPU = Debug|Any CPU
		Release|Any CPU = Release|Any CPU
	EndGlobalSection
	GlobalSection(ProjectConfigurationPlatforms) = postSolution
		{9B62B261-43B4-446A-B77A-2F58663B5F6A}.Debug|Any CPU.ActiveCfg = Debug|Any CPU
		{9B62B261-43B4-446A-B77A-2F58663B5F6A}.Debug|Any CPU.Build.0 = Debug|Any CPU
		{9B62B261-43B4-446A-B77A-2F58663B5F6A}.Release|Any CPU.ActiveCfg = Release|Any CPU
		{9B62B261-43B4-446A-B77A-2F58663B5F6A}.Release|Any CPU.Build.0 = Release|Any CPU
	EndGlobalSection
	GlobalSection(SolutionProperties) = preSolution
		HideSolutionNode = FALSE
	EndGlobalSection
	GlobalSection(ExtensibilityGlobals) = postSolution
		SolutionGuid = {8D5AFFDB-AA9E-4FAD-A317-AD12DD757DD6}
	EndGlobalSection
EndGlobal
